
Microsoft Visual Studio Solution File, Format Version 12.00
# Visual Studio Version 16
VisualStudioVersion = 16.0.28803.452
MinimumVisualStudioVersion = 10.0.40219.1
Project("{FAE04EC0-301F-11D3-BF4B-00C04F79EFBC}") = "DoubleBuffer1", "DoubleBuffer1.csproj", "{D0ECC607-966E-4E56-874B-D2C9F6FC5150}"
EndProject
Global
	GlobalSection(SolutionConfigurationPlatforms) = preSolution
		Debug|Any CPU = Debug|Any CPU
		Release|Any CPU = Release|Any CPU
	EndGlobalSection
	GlobalSection(ProjectConfigurationPlatforms) = postSolution
		{D0ECC607-966E-4E56-874B-D2C9F6FC5150}.Debug|Any CPU.ActiveCfg = Debug|Any CPU
		{D0ECC607-966E-4E56-874B-D2C9F6FC5150}.Debug|Any CPU.Build.0 = Debug|Any CPU
		{D0ECC607-966E-4E56-874B-D2C9F6FC5150}.Release|Any CPU.ActiveCfg = Release|Any CPU
		{D0ECC607-966E-4E56-874B-D2C9F6FC5150}.Release|Any CPU.Build.0 = Release|Any CPU
	EndGlobalSection
	GlobalSection(SolutionProperties) = preSolution
		HideSolutionNode = FALSE
	EndGlobalSection
	GlobalSection(ExtensibilityGlobals) = postSolution
		SolutionGuid = {A332DDA2-0470-42AE-9945-9232DAF4E975}
	EndGlobalSection
EndGlobal
