
Microsoft Visual Studio Solution File, Format Version 12.00
# Visual Studio Version 16
VisualStudioVersion = 16.0.28803.452
MinimumVisualStudioVersion = 10.0.40219.1
Project("{FAE04EC0-301F-11D3-BF4B-00C04F79EFBC}") = "WizardHandler", "WizardHandler.csproj", "{C1958A43-6CA7-4945-A809-7FF0143219A2}"
EndProject
Global
	GlobalSection(SolutionConfigurationPlatforms) = preSolution
		Debug|Any CPU = Debug|Any CPU
		Release|Any CPU = Release|Any CPU
	EndGlobalSection
	GlobalSection(ProjectConfigurationPlatforms) = postSolution
		{C1958A43-6CA7-4945-A809-7FF0143219A2}.Debug|Any CPU.ActiveCfg = Debug|Any CPU
		{C1958A43-6CA7-4945-A809-7FF0143219A2}.Debug|Any CPU.Build.0 = Debug|Any CPU
		{C1958A43-6CA7-4945-A809-7FF0143219A2}.Release|Any CPU.ActiveCfg = Release|Any CPU
		{C1958A43-6CA7-4945-A809-7FF0143219A2}.Release|Any CPU.Build.0 = Release|Any CPU
	EndGlobalSection
	GlobalSection(SolutionProperties) = preSolution
		HideSolutionNode = FALSE
	EndGlobalSection
	GlobalSection(ExtensibilityGlobals) = postSolution
		SolutionGuid = {741740E2-B66C-458F-A821-E1DFBC4ECB70}
	EndGlobalSection
EndGlobal
