
Microsoft Visual Studio Solution File, Format Version 12.00
# Visual Studio Version 16
VisualStudioVersion = 16.0.28803.452
MinimumVisualStudioVersion = 10.0.40219.1
Project("{FAE04EC0-301F-11D3-BF4B-00C04F79EFBC}") = "FormLoad", "FormLoad.csproj", "{AA4CD10D-3CFC-46D3-B3A0-9737803E103B}"
EndProject
Global
	GlobalSection(SolutionConfigurationPlatforms) = preSolution
		Debug|Any CPU = Debug|Any CPU
		Release|Any CPU = Release|Any CPU
	EndGlobalSection
	GlobalSection(ProjectConfigurationPlatforms) = postSolution
		{AA4CD10D-3CFC-46D3-B3A0-9737803E103B}.Debug|Any CPU.ActiveCfg = Debug|Any CPU
		{AA4CD10D-3CFC-46D3-B3A0-9737803E103B}.Debug|Any CPU.Build.0 = Debug|Any CPU
		{AA4CD10D-3CFC-46D3-B3A0-9737803E103B}.Release|Any CPU.ActiveCfg = Release|Any CPU
		{AA4CD10D-3CFC-46D3-B3A0-9737803E103B}.Release|Any CPU.Build.0 = Release|Any CPU
	EndGlobalSection
	GlobalSection(SolutionProperties) = preSolution
		HideSolutionNode = FALSE
	EndGlobalSection
	GlobalSection(ExtensibilityGlobals) = postSolution
		SolutionGuid = {820CD451-414F-4A4C-9C4F-792FCEEF3199}
	EndGlobalSection
EndGlobal
