
Microsoft Visual Studio Solution File, Format Version 12.00
# Visual Studio Version 16
VisualStudioVersion = 16.0.28803.452
MinimumVisualStudioVersion = 10.0.40219.1
Project("{FAE04EC0-301F-11D3-BF4B-00C04F79EFBC}") = "Background", "Background.csproj", "{D0649DF1-B558-45EB-9053-312C14D377FE}"
EndProject
Global
	GlobalSection(SolutionConfigurationPlatforms) = preSolution
		Debug|Any CPU = Debug|Any CPU
		Release|Any CPU = Release|Any CPU
	EndGlobalSection
	GlobalSection(ProjectConfigurationPlatforms) = postSolution
		{D0649DF1-B558-45EB-9053-312C14D377FE}.Debug|Any CPU.ActiveCfg = Debug|Any CPU
		{D0649DF1-B558-45EB-9053-312C14D377FE}.Debug|Any CPU.Build.0 = Debug|Any CPU
		{D0649DF1-B558-45EB-9053-312C14D377FE}.Release|Any CPU.ActiveCfg = Release|Any CPU
		{D0649DF1-B558-45EB-9053-312C14D377FE}.Release|Any CPU.Build.0 = Release|Any CPU
	EndGlobalSection
	GlobalSection(SolutionProperties) = preSolution
		HideSolutionNode = FALSE
	EndGlobalSection
	GlobalSection(ExtensibilityGlobals) = postSolution
		SolutionGuid = {65F40E90-807B-4EBF-97C0-F4F8B32E49E1}
	EndGlobalSection
EndGlobal
