
Microsoft Visual Studio Solution File, Format Version 12.00
# Visual Studio Version 16
VisualStudioVersion = 16.0.28803.452
MinimumVisualStudioVersion = 10.0.40219.1
Project("{FAE04EC0-301F-11D3-BF4B-00C04F79EFBC}") = "CurveList", "CurveList.csproj", "{F680D627-3530-4BCE-B168-ADE7096FB0D4}"
EndProject
Global
	GlobalSection(SolutionConfigurationPlatforms) = preSolution
		Debug|Any CPU = Debug|Any CPU
		Release|Any CPU = Release|Any CPU
	EndGlobalSection
	GlobalSection(ProjectConfigurationPlatforms) = postSolution
		{F680D627-3530-4BCE-B168-ADE7096FB0D4}.Debug|Any CPU.ActiveCfg = Debug|Any CPU
		{F680D627-3530-4BCE-B168-ADE7096FB0D4}.Debug|Any CPU.Build.0 = Debug|Any CPU
		{F680D627-3530-4BCE-B168-ADE7096FB0D4}.Release|Any CPU.ActiveCfg = Release|Any CPU
		{F680D627-3530-4BCE-B168-ADE7096FB0D4}.Release|Any CPU.Build.0 = Release|Any CPU
	EndGlobalSection
	GlobalSection(SolutionProperties) = preSolution
		HideSolutionNode = FALSE
	EndGlobalSection
	GlobalSection(ExtensibilityGlobals) = postSolution
		SolutionGuid = {ABEBAF63-10C2-4A9A-8B3B-BD34995B4B51}
	EndGlobalSection
EndGlobal
